// !$*UTF8*$!
{
	archiveVersion = 1;
	classes = {
	};
	objectVersion = 46;
	objects = {

/* Begin PBXBuildFile section */
		E35233031E948750002F587D /* CreateTaskViewController.swift in Sources */ = {isa = PBXBuildFile; fileRef = E35233021E948750002F587D /* CreateTaskViewController.swift */; };
		E39E5D821E8D7F3000B3F60B /* AppDelegate.swift in Sources */ = {isa = PBXBuildFile; fileRef = E39E5D811E8D7F3000B3F60B /* AppDelegate.swift */; };
		E39E5D841E8D7F3000B3F60B /* TasksViewController.swift in Sources */ = {isa = PBXBuildFile; fileRef = E39E5D831E8D7F3000B3F60B /* TasksViewController.swift */; };
		E39E5D871E8D7F3000B3F60B /* Main.storyboard in Resources */ = {isa = PBXBuildFile; fileRef = E39E5D851E8D7F3000B3F60B /* Main.storyboard */; };
		E39E5D8A1E8D7F3000B3F60B /* DoIt.xcdatamodeld in Sources */ = {isa = PBXBuildFile; fileRef = E39E5D881E8D7F3000B3F60B /* DoIt.xcdatamodeld */; };
		E39E5D8C1E8D7F3000B3F60B /* Assets.xcassets in Resources */ = {isa = PBXBuildFile; fileRef = E39E5D8B1E8D7F3000B3F60B /* Assets.xcassets */; };
		E39E5D8F1E8D7F3000B3F60B /* LaunchScreen.storyboard in Resources */ = {isa = PBXBuildFile; fileRef = E39E5D8D1E8D7F3000B3F60B /* LaunchScreen.storyboard */; };
		E39E5D9A1E8D7F3000B3F60B /* DoItTests.swift in Sources */ = {isa = PBXBuildFile; fileRef = E39E5D991E8D7F3000B3F60B /* DoItTests.swift */; };
		E39E5DA51E8D7F3000B3F60B /* DoItUITests.swift in Sources */ = {isa = PBXBuildFile; fileRef = E39E5DA41E8D7F3000B3F60B /* DoItUITests.swift */; };
		E3A9744A1E9BDA2F00D054DD /* CompleteTaskViewController.swift in Sources */ = {isa = PBXBuildFile; fileRef = E3A974491E9BDA2F00D054DD /* CompleteTaskViewController.swift */; };
/* End PBXBuildFile section */

/* Begin PBXContainerItemProxy section */
		E39E5D961E8D7F3000B3F60B /* PBXContainerItemProxy */ = {
			isa = PBXContainerItemProxy;
			containerPortal = E39E5D761E8D7F3000B3F60B /* Project object */;
			proxyType = 1;
			remoteGlobalIDString = E39E5D7D1E8D7F3000B3F60B;
			remoteInfo = DoIt;
		};
		E39E5DA11E8D7F3000B3F60B /* PBXContainerItemProxy */ = {
			isa = PBXContainerItemProxy;
			containerPortal = E39E5D761E8D7F3000B3F60B /* Project object */;
			proxyType = 1;
			remoteGlobalIDString = E39E5D7D1E8D7F3000B3F60B;
			remoteInfo = DoIt;
		};
/* End PBXContainerItemProxy section */

/* Begin PBXFileReference section */
		E35233021E948750002F587D /* CreateTaskViewController.swift */ = {isa = PBXFileReference; fileEncoding = 4; lastKnownFileType = sourcecode.swift; path = CreateTaskViewController.swift; sourceTree = "<group>"; };
		E39E5D7E1E8D7F3000B3F60B /* DoIt.app */ = {isa = PBXFileReference; explicitFileType = wrapper.application; includeInIndex = 0; path = DoIt.app; sourceTree = BUILT_PRODUCTS_DIR; };
		E39E5D811E8D7F3000B3F60B /* AppDelegate.swift */ = {isa = PBXFileReference; lastKnownFileType = sourcecode.swift; path = AppDelegate.swift; sourceTree = "<group>"; };
		E39E5D831E8D7F3000B3F60B /* TasksViewController.swift */ = {isa = PBXFileReference; lastKnownFileType = sourcecode.swift; path = TasksViewController.swift; sourceTree = "<group>"; };
		E39E5D861E8D7F3000B3F60B /* Base */ = {isa = PBXFileReference; lastKnownFileType = file.storyboard; name = Base; path = Base.lproj/Main.storyboard; sourceTree = "<group>"; };
		E39E5D891E8D7F3000B3F60B /* DoIt.xcdatamodel */ = {isa = PBXFileReference; lastKnownFileType = wrapper.xcdatamodel; path = DoIt.xcdatamodel; sourceTree = "<group>"; };
		E39E5D8B1E8D7F3000B3F60B /* Assets.xcassets */ = {isa = PBXFileReference; lastKnownFileType = folder.assetcatalog; path = Assets.xcassets; sourceTree = "<group>"; };
		E39E5D8E1E8D7F3000B3F60B /* Base */ = {isa = PBXFileReference; lastKnownFileType = file.storyboard; name = Base; path = Base.lproj/LaunchScreen.storyboard; sourceTree = "<group>"; };
		E39E5D901E8D7F3000B3F60B /* Info.plist */ = {isa = PBXFileReference; lastKnownFileType = text.plist.xml; path = Info.plist; sourceTree = "<group>"; };
		E39E5D951E8D7F3000B3F60B /* DoItTests.xctest */ = {isa = PBXFileReference; explicitFileType = wrapper.cfbundle; includeInIndex = 0; path = DoItTests.xctest; sourceTree = BUILT_PRODUCTS_DIR; };
		E39E5D991E8D7F3000B3F60B /* DoItTests.swift */ = {isa = PBXFileReference; lastKnownFileType = sourcecode.swift; path = DoItTests.swift; sourceTree = "<group>"; };
		E39E5D9B1E8D7F3000B3F60B /* Info.plist */ = {isa = PBXFileReference; lastKnownFileType = text.plist.xml; path = Info.plist; sourceTree = "<group>"; };
		E39E5DA01E8D7F3000B3F60B /* DoItUITests.xctest */ = {isa = PBXFileReference; explicitFileType = wrapper.cfbundle; includeInIndex = 0; path = DoItUITests.xctest; sourceTree = BUILT_PRODUCTS_DIR; };
		E39E5DA41E8D7F3000B3F60B /* DoItUITests.swift */ = {isa = PBXFileReference; lastKnownFileType = sourcecode.swift; path = DoItUITests.swift; sourceTree = "<group>"; };
		E39E5DA61E8D7F3000B3F60B /* Info.plist */ = {isa = PBXFileReference; lastKnownFileType = text.plist.xml; path = Info.plist; sourceTree = "<group>"; };
		E3A974491E9BDA2F00D054DD /* CompleteTaskViewController.swift */ = {isa = PBXFileReference; fileEncoding = 4; lastKnownFileType = sourcecode.swift; path = CompleteTaskViewController.swift; sourceTree = "<group>"; };
/* End PBXFileReference section */

/* Begin PBXFrameworksBuildPhase section */
		E39E5D7B1E8D7F3000B3F60B /* Frameworks */ = {
			isa = PBXFrameworksBuildPhase;
			buildActionMask = 2147483647;
			files = (
			);
			runOnlyForDeploymentPostprocessing = 0;
		};
		E39E5D921E8D7F3000B3F60B /* Frameworks */ = {
			isa = PBXFrameworksBuildPhase;
			buildActionMask = 2147483647;
			files = (
			);
			runOnlyForDeploymentPostprocessing = 0;
		};
		E39E5D9D1E8D7F3000B3F60B /* Frameworks */ = {
			isa = PBXFrameworksBuildPhase;
			buildActionMask = 2147483647;
			files = (
			);
			runOnlyForDeploymentPostprocessing = 0;
		};
/* End PBXFrameworksBuildPhase section */

/* Begin PBXGroup section */
		E39E5D751E8D7F3000B3F60B = {
			isa = PBXGroup;
			children = (
				E39E5D801E8D7F3000B3F60B /* DoIt */,
				E39E5D981E8D7F3000B3F60B /* DoItTests */,
				E39E5DA31E8D7F3000B3F60B /* DoItUITests */,
				E39E5D7F1E8D7F3000B3F60B /* Products */,
			);
			sourceTree = "<group>";
		};
		E39E5D7F1E8D7F3000B3F60B /* Products */ = {
			isa = PBXGroup;
			children = (
				E39E5D7E1E8D7F3000B3F60B /* DoIt.app */,
				E39E5D951E8D7F3000B3F60B /* DoItTests.xctest */,
				E39E5DA01E8D7F3000B3F60B /* DoItUITests.xctest */,
			);
			name = Products;
			sourceTree = "<group>";
		};
		E39E5D801E8D7F3000B3F60B /* DoIt */ = {
			isa = PBXGroup;
			children = (
				E39E5D811E8D7F3000B3F60B /* AppDelegate.swift */,
				E39E5D831E8D7F3000B3F60B /* TasksViewController.swift */,
				E39E5D851E8D7F3000B3F60B /* Main.storyboard */,
				E3A974491E9BDA2F00D054DD /* CompleteTaskViewController.swift */,
				E35233021E948750002F587D /* CreateTaskViewController.swift */,
				E39E5D8B1E8D7F3000B3F60B /* Assets.xcassets */,
				E39E5D8D1E8D7F3000B3F60B /* LaunchScreen.storyboard */,
				E39E5D901E8D7F3000B3F60B /* Info.plist */,
				E39E5D881E8D7F3000B3F60B /* DoIt.xcdatamodeld */,
			);
			path = DoIt;
			sourceTree = "<group>";
		};
		E39E5D981E8D7F3000B3F60B /* DoItTests */ = {
			isa = PBXGroup;
			children = (
				E39E5D991E8D7F3000B3F60B /* DoItTests.swift */,
				E39E5D9B1E8D7F3000B3F60B /* Info.plist */,
			);
			path = DoItTests;
			sourceTree = "<group>";
		};
		E39E5DA31E8D7F3000B3F60B /* DoItUITests */ = {
			isa = PBXGroup;
			children = (
				E39E5DA41E8D7F3000B3F60B /* DoItUITests.swift */,
				E39E5DA61E8D7F3000B3F60B /* Info.plist */,
			);
			path = DoItUITests;
			sourceTree = "<group>";
		};
/* End PBXGroup section */

/* Begin PBXNativeTarget section */
		E39E5D7D1E8D7F3000B3F60B /* DoIt */ = {
			isa = PBXNativeTarget;
			buildConfigurationList = E39E5DA91E8D7F3000B3F60B /* Build configuration list for PBXNativeTarget "DoIt" */;
			buildPhases = (
				E39E5D7A1E8D7F3000B3F60B /* Sources */,
				E39E5D7B1E8D7F3000B3F60B /* Frameworks */,
				E39E5D7C1E8D7F3000B3F60B /* Resources */,
			);
			buildRules = (
			);
			dependencies = (
			);
			name = DoIt;
			productName = DoIt;
			productReference = E39E5D7E1E8D7F3000B3F60B /* DoIt.app */;
			productType = "com.apple.product-type.application";
		};
		E39E5D941E8D7F3000B3F60B /* DoItTests */ = {
			isa = PBXNativeTarget;
			buildConfigurationList = E39E5DAC1E8D7F3000B3F60B /* Build configuration list for PBXNativeTarget "DoItTests" */;
			buildPhases = (
				E39E5D911E8D7F3000B3F60B /* Sources */,
				E39E5D921E8D7F3000B3F60B /* Frameworks */,
				E39E5D931E8D7F3000B3F60B /* Resources */,
			);
			buildRules = (
			);
			dependencies = (
				E39E5D971E8D7F3000B3F60B /* PBXTargetDependency */,
			);
			name = DoItTests;
			productName = DoItTests;
			productReference = E39E5D951E8D7F3000B3F60B /* DoItTests.xctest */;
			productType = "com.apple.product-type.bundle.unit-test";
		};
		E39E5D9F1E8D7F3000B3F60B /* DoItUITests */ = {
			isa = PBXNativeTarget;
			buildConfigurationList = E39E5DAF1E8D7F3000B3F60B /* Build configuration list for PBXNativeTarget "DoItUITests" */;
			buildPhases = (
				E39E5D9C1E8D7F3000B3F60B /* Sources */,
				E39E5D9D1E8D7F3000B3F60B /* Frameworks */,
				E39E5D9E1E8D7F3000B3F60B /* Resources */,
			);
			buildRules = (
			);
			dependencies = (
				E39E5DA21E8D7F3000B3F60B /* PBXTargetDependency */,
			);
			name = DoItUITests;
			productName = DoItUITests;
			productReference = E39E5DA01E8D7F3000B3F60B /* DoItUITests.xctest */;
			productType = "com.apple.product-type.bundle.ui-testing";
		};
/* End PBXNativeTarget section */

/* Begin PBXProject section */
		E39E5D761E8D7F3000B3F60B /* Project object */ = {
			isa = PBXProject;
			attributes = {
				LastSwiftUpdateCheck = 0820;
				LastUpgradeCheck = 0820;
				ORGANIZATIONNAME = "Mr. Bear";
				TargetAttributes = {
					E39E5D7D1E8D7F3000B3F60B = {
						CreatedOnToolsVersion = 8.2.1;
						ProvisioningStyle = Automatic;
					};
					E39E5D941E8D7F3000B3F60B = {
						CreatedOnToolsVersion = 8.2.1;
						ProvisioningStyle = Automatic;
						TestTargetID = E39E5D7D1E8D7F3000B3F60B;
					};
					E39E5D9F1E8D7F3000B3F60B = {
						CreatedOnToolsVersion = 8.2.1;
						ProvisioningStyle = Automatic;
						TestTargetID = E39E5D7D1E8D7F3000B3F60B;
					};
				};
			};
			buildConfigurationList = E39E5D791E8D7F3000B3F60B /* Build configuration list for PBXProject "DoIt" */;
			compatibilityVersion = "Xcode 3.2";
			developmentRegion = English;
			hasScannedForEncodings = 0;
			knownRegions = (
				en,
				Base,
			);
			mainGroup = E39E5D751E8D7F3000B3F60B;
			productRefGroup = E39E5D7F1E8D7F3000B3F60B /* Products */;
			projectDirPath = "";
			projectRoot = "";
			targets = (
				E39E5D7D1E8D7F3000B3F60B /* DoIt */,
				E39E5D941E8D7F3000B3F60B /* DoItTests */,
				E39E5D9F1E8D7F3000B3F60B /* DoItUITests */,
			);
		};
/* End PBXProject section */

/* Begin PBXResourcesBuildPhase section */
		E39E5D7C1E8D7F3000B3F60B /* Resources */ = {
			isa = PBXResourcesBuildPhase;
			buildActionMask = 2147483647;
			files = (
				E39E5D8F1E8D7F3000B3F60B /* LaunchScreen.storyboard in Resources */,
				E39E5D8C1E8D7F3000B3F60B /* Assets.xcassets in Resources */,
				E39E5D871E8D7F3000B3F60B /* Main.storyboard in Resources */,
			);
			runOnlyForDeploymentPostprocessing = 0;
		};
		E39E5D931E8D7F3000B3F60B /* Resources */ = {
			isa = PBXResourcesBuildPhase;
			buildActionMask = 2147483647;
			files = (
			);
			runOnlyForDeploymentPostprocessing = 0;
		};
		E39E5D9E1E8D7F3000B3F60B /* Resources */ = {
			isa = PBXResourcesBuildPhase;
			buildActionMask = 2147483647;
			files = (
			);
			runOnlyForDeploymentPostprocessing = 0;
		};
/* End PBXResourcesBuildPhase section */

/* Begin PBXSourcesBuildPhase section */
		E39E5D7A1E8D7F3000B3F60B /* Sources */ = {
			isa = PBXSourcesBuildPhase;
			buildActionMask = 2147483647;
			files = (
				E39E5D8A1E8D7F3000B3F60B /* DoIt.xcdatamodeld in Sources */,
				E3A9744A1E9BDA2F00D054DD /* CompleteTaskViewController.swift in Sources */,
				E39E5D841E8D7F3000B3F60B /* TasksViewController.swift in Sources */,
				E39E5D821E8D7F3000B3F60B /* AppDelegate.swift in Sources */,
				E35233031E948750002F587D /* CreateTaskViewController.swift in Sources */,
			);
			runOnlyForDeploymentPostprocessing = 0;
		};
		E39E5D911E8D7F3000B3F60B /* Sources */ = {
			isa = PBXSourcesBuildPhase;
			buildActionMask = 2147483647;
			files = (
				E39E5D9A1E8D7F3000B3F60B /* DoItTests.swift in Sources */,
			);
			runOnlyForDeploymentPostprocessing = 0;
		};
		E39E5D9C1E8D7F3000B3F60B /* Sources */ = {
			isa = PBXSourcesBuildPhase;
			buildActionMask = 2147483647;
			files = (
				E39E5DA51E8D7F3000B3F60B /* DoItUITests.swift in Sources */,
			);
			runOnlyForDeploymentPostprocessing = 0;
		};
/* End PBXSourcesBuildPhase section */

/* Begin PBXTargetDependency section */
		E39E5D971E8D7F3000B3F60B /* PBXTargetDependency */ = {
			isa = PBXTargetDependency;
			target = E39E5D7D1E8D7F3000B3F60B /* DoIt */;
			targetProxy = E39E5D961E8D7F3000B3F60B /* PBXContainerItemProxy */;
		};
		E39E5DA21E8D7F3000B3F60B /* PBXTargetDependency */ = {
			isa = PBXTargetDependency;
			target = E39E5D7D1E8D7F3000B3F60B /* DoIt */;
			targetProxy = E39E5DA11E8D7F3000B3F60B /* PBXContainerItemProxy */;
		};
/* End PBXTargetDependency section */

/* Begin PBXVariantGroup section */
		E39E5D851E8D7F3000B3F60B /* Main.storyboard */ = {
			isa = PBXVariantGroup;
			children = (
				E39E5D861E8D7F3000B3F60B /* Base */,
			);
			name = Main.storyboard;
			sourceTree = "<group>";
		};
		E39E5D8D1E8D7F3000B3F60B /* LaunchScreen.storyboard */ = {
			isa = PBXVariantGroup;
			children = (
				E39E5D8E1E8D7F3000B3F60B /* Base */,
			);
			name = LaunchScreen.storyboard;
			sourceTree = "<group>";
		};
/* End PBXVariantGroup section */

/* Begin XCBuildConfiguration section */
		E39E5DA71E8D7F3000B3F60B /* Debug */ = {
			isa = XCBuildConfiguration;
			buildSettings = {
				ALWAYS_SEARCH_USER_PATHS = NO;
				CLANG_ANALYZER_NONNULL = YES;
				CLANG_CXX_LANGUAGE_STANDARD = "gnu++0x";
				CLANG_CXX_LIBRARY = "libc++";
				CLANG_ENABLE_MODULES = YES;
				CLANG_ENABLE_OBJC_ARC = YES;
				CLANG_WARN_BOOL_CONVERSION = YES;
				CLANG_WARN_CONSTANT_CONVERSION = YES;
				CLANG_WARN_DIRECT_OBJC_ISA_USAGE = YES_ERROR;
				CLANG_WARN_DOCUMENTATION_COMMENTS = YES;
				CLANG_WARN_EMPTY_BODY = YES;
				CLANG_WARN_ENUM_CONVERSION = YES;
				CLANG_WARN_INFINITE_RECURSION = YES;
				CLANG_WARN_INT_CONVERSION = YES;
				CLANG_WARN_OBJC_ROOT_CLASS = YES_ERROR;
				CLANG_WARN_SUSPICIOUS_MOVE = YES;
				CLANG_WARN_UNREACHABLE_CODE = YES;
				CLANG_WARN__DUPLICATE_METHOD_MATCH = YES;
				"CODE_SIGN_IDENTITY[sdk=iphoneos*]" = "iPhone Developer";
				COPY_PHASE_STRIP = NO;
				DEBUG_INFORMATION_FORMAT = dwarf;
				ENABLE_STRICT_OBJC_MSGSEND = YES;
				ENABLE_TESTABILITY = YES;
				GCC_C_LANGUAGE_STANDARD = gnu99;
				GCC_DYNAMIC_NO_PIC = NO;
				GCC_NO_COMMON_BLOCKS = YES;
				GCC_OPTIMIZATION_LEVEL = 0;
				GCC_PREPROCESSOR_DEFINITIONS = (
					"DEBUG=1",
					"$(inherited)",
				);
				GCC_WARN_64_TO_32_BIT_CONVERSION = YES;
				GCC_WARN_ABOUT_RETURN_TYPE = YES_ERROR;
				GCC_WARN_UNDECLARED_SELECTOR = YES;
				GCC_WARN_UNINITIALIZED_AUTOS = YES_AGGRESSIVE;
				GCC_WARN_UNUSED_FUNCTION = YES;
				GCC_WARN_UNUSED_VARIABLE = YES;
				IPHONEOS_DEPLOYMENT_TARGET = 10.2;
				MTL_ENABLE_DEBUG_INFO = YES;
				ONLY_ACTIVE_ARCH = YES;
				SDKROOT = iphoneos;
				SWIFT_ACTIVE_COMPILATION_CONDITIONS = DEBUG;
				SWIFT_OPTIMIZATION_LEVEL = "-Onone";
				TARGETED_DEVICE_FAMILY = "1,2";
			};
			name = Debug;
		};
		E39E5DA81E8D7F3000B3F60B /* Release */ = {
			isa = XCBuildConfiguration;
			buildSettings = {
				ALWAYS_SEARCH_USER_PATHS = NO;
				CLANG_ANALYZER_NONNULL = YES;
				CLANG_CXX_LANGUAGE_STANDARD = "gnu++0x";
				CLANG_CXX_LIBRARY = "libc++";
				CLANG_ENABLE_MODULES = YES;
				CLANG_ENABLE_OBJC_ARC = YES;
				CLANG_WARN_BOOL_CONVERSION = YES;
				CLANG_WARN_CONSTANT_CONVERSION = YES;
				CLANG_WARN_DIRECT_OBJC_ISA_USAGE = YES_ERROR;
				CLANG_WARN_DOCUMENTATION_COMMENTS = YES;
				CLANG_WARN_EMPTY_BODY = YES;
				CLANG_WARN_ENUM_CONVERSION = YES;
				CLANG_WARN_INFINITE_RECURSION = YES;
				CLANG_WARN_INT_CONVERSION = YES;
				CLANG_WARN_OBJC_ROOT_CLASS = YES_ERROR;
				CLANG_WARN_SUSPICIOUS_MOVE = YES;
				CLANG_WARN_UNREACHABLE_CODE = YES;
				CLANG_WARN__DUPLICATE_METHOD_MATCH = YES;
				"CODE_SIGN_IDENTITY[sdk=iphoneos*]" = "iPhone Developer";
				COPY_PHASE_STRIP = NO;
				DEBUG_INFORMATION_FORMAT = "dwarf-with-dsym";
				ENABLE_NS_ASSERTIONS = NO;
				ENABLE_STRICT_OBJC_MSGSEND = YES;
				GCC_C_LANGUAGE_STANDARD = gnu99;
				GCC_NO_COMMON_BLOCKS = YES;
				GCC_WARN_64_TO_32_BIT_CONVERSION = YES;
				GCC_WARN_ABOUT_RETURN_TYPE = YES_ERROR;
				GCC_WARN_UNDECLARED_SELECTOR = YES;
				GCC_WARN_UNINITIALIZED_AUTOS = YES_AGGRESSIVE;
				GCC_WARN_UNUSED_FUNCTION = YES;
				GCC_WARN_UNUSED_VARIABLE = YES;
				IPHONEOS_DEPLOYMENT_TARGET = 10.2;
				MTL_ENABLE_DEBUG_INFO = NO;
				SDKROOT = iphoneos;
				SWIFT_OPTIMIZATION_LEVEL = "-Owholemodule";
				TARGETED_DEVICE_FAMILY = "1,2";
				VALIDATE_PRODUCT = YES;
			};
			name = Release;
		};
		E39E5DAA1E8D7F3000B3F60B /* Debug */ = {
			isa = XCBuildConfiguration;
			buildSettings = {
				ASSETCATALOG_COMPILER_APPICON_NAME = AppIcon;
				INFOPLIST_FILE = DoIt/Info.plist;
				LD_RUNPATH_SEARCH_PATHS = "$(inherited) @executable_path/Frameworks";
				PRODUCT_BUNDLE_IDENTIFIER = BearWerx.DoIt;
				PRODUCT_NAME = "$(TARGET_NAME)";
				SWIFT_VERSION = 3.0;
			};
			name = Debug;
		};
		E39E5DAB1E8D7F3000B3F60B /* Release */ = {
			isa = XCBuildConfiguration;
			buildSettings = {
				ASSETCATALOG_COMPILER_APPICON_NAME = AppIcon;
				INFOPLIST_FILE = DoIt/Info.plist;
				LD_RUNPATH_SEARCH_PATHS = "$(inherited) @executable_path/Frameworks";
				PRODUCT_BUNDLE_IDENTIFIER = BearWerx.DoIt;
				PRODUCT_NAME = "$(TARGET_NAME)";
				SWIFT_VERSION = 3.0;
			};
			name = Release;
		};
		E39E5DAD1E8D7F3000B3F60B /* Debug */ = {
			isa = XCBuildConfiguration;
			buildSettings = {
				ALWAYS_EMBED_SWIFT_STANDARD_LIBRARIES = YES;
				BUNDLE_LOADER = "$(TEST_HOST)";
				INFOPLIST_FILE = DoItTests/Info.plist;
				LD_RUNPATH_SEARCH_PATHS = "$(inherited) @executable_path/Frameworks @loader_path/Frameworks";
				PRODUCT_BUNDLE_IDENTIFIER = BearWerx.DoItTests;
				PRODUCT_NAME = "$(TARGET_NAME)";
				SWIFT_VERSION = 3.0;
				TEST_HOST = "$(BUILT_PRODUCTS_DIR)/DoIt.app/DoIt";
			};
			name = Debug;
		};
		E39E5DAE1E8D7F3000B3F60B /* Release */ = {
			isa = XCBuildConfiguration;
			buildSettings = {
				ALWAYS_EMBED_SWIFT_STANDARD_LIBRARIES = YES;
				BUNDLE_LOADER = "$(TEST_HOST)";
				INFOPLIST_FILE = DoItTests/Info.plist;
				LD_RUNPATH_SEARCH_PATHS = "$(inherited) @executable_path/Frameworks @loader_path/Frameworks";
				PRODUCT_BUNDLE_IDENTIFIER = BearWerx.DoItTests;
				PRODUCT_NAME = "$(TARGET_NAME)";
				SWIFT_VERSION = 3.0;
				TEST_HOST = "$(BUILT_PRODUCTS_DIR)/DoIt.app/DoIt";
			};
			name = Release;
		};
		E39E5DB01E8D7F3000B3F60B /* Debug */ = {
			isa = XCBuildConfiguration;
			buildSettings = {
				ALWAYS_EMBED_SWIFT_STANDARD_LIBRARIES = YES;
				INFOPLIST_FILE = DoItUITests/Info.plist;
				LD_RUNPATH_SEARCH_PATHS = "$(inherited) @executable_path/Frameworks @loader_path/Frameworks";
				PRODUCT_BUNDLE_IDENTIFIER = BearWerx.DoItUITests;
				PRODUCT_NAME = "$(TARGET_NAME)";
				SWIFT_VERSION = 3.0;
				TEST_TARGET_NAME = DoIt;
			};
			name = Debug;
		};
		E39E5DB11E8D7F3000B3F60B /* Release */ = {
			isa = XCBuildConfiguration;
			buildSettings = {
				ALWAYS_EMBED_SWIFT_STANDARD_LIBRARIES = YES;
				INFOPLIST_FILE = DoItUITests/Info.plist;
				LD_RUNPATH_SEARCH_PATHS = "$(inherited) @executable_path/Frameworks @loader_path/Frameworks";
				PRODUCT_BUNDLE_IDENTIFIER = BearWerx.DoItUITests;
				PRODUCT_NAME = "$(TARGET_NAME)";
				SWIFT_VERSION = 3.0;
				TEST_TARGET_NAME = DoIt;
			};
			name = Release;
		};
/* End XCBuildConfiguration section */

/* Begin XCConfigurationList section */
		E39E5D791E8D7F3000B3F60B /* Build configuration list for PBXProject "DoIt" */ = {
			isa = XCConfigurationList;
			buildConfigurations = (
				E39E5DA71E8D7F3000B3F60B /* Debug */,
				E39E5DA81E8D7F3000B3F60B /* Release */,
			);
			defaultConfigurationIsVisible = 0;
			defaultConfigurationName = Release;
		};
		E39E5DA91E8D7F3000B3F60B /* Build configuration list for PBXNativeTarget "DoIt" */ = {
			isa = XCConfigurationList;
			buildConfigurations = (
				E39E5DAA1E8D7F3000B3F60B /* Debug */,
				E39E5DAB1E8D7F3000B3F60B /* Release */,
			);
			defaultConfigurationIsVisible = 0;
			defaultConfigurationName = Release;
		};
		E39E5DAC1E8D7F3000B3F60B /* Build configuration list for PBXNativeTarget "DoItTests" */ = {
			isa = XCConfigurationList;
			buildConfigurations = (
				E39E5DAD1E8D7F3000B3F60B /* Debug */,
				E39E5DAE1E8D7F3000B3F60B /* Release */,
			);
			defaultConfigurationIsVisible = 0;
			defaultConfigurationName = Release;
		};
		E39E5DAF1E8D7F3000B3F60B /* Build configuration list for PBXNativeTarget "DoItUITests" */ = {
			isa = XCConfigurationList;
			buildConfigurations = (
				E39E5DB01E8D7F3000B3F60B /* Debug */,
				E39E5DB11E8D7F3000B3F60B /* Release */,
			);
			defaultConfigurationIsVisible = 0;
			defaultConfigurationName = Release;
		};
/* End XCConfigurationList section */

/* Begin XCVersionGroup section */
		E39E5D881E8D7F3000B3F60B /* DoIt.xcdatamodeld */ = {
			isa = XCVersionGroup;
			children = (
				E39E5D891E8D7F3000B3F60B /* DoIt.xcdatamodel */,
			);
			currentVersion = E39E5D891E8D7F3000B3F60B /* DoIt.xcdatamodel */;
			path = DoIt.xcdatamodeld;
			sourceTree = "<group>";
			versionGroupType = wrapper.xcdatamodel;
		};
/* End XCVersionGroup section */
	};
	rootObject = E39E5D761E8D7F3000B3F60B /* Project object */;
}
